
Microsoft Visual Studio Solution File, Format Version 12.00
# Visual Studio Version 16
VisualStudioVersion = 16.0.30320.27
MinimumVisualStudioVersion = 10.0.40219.1
Project("{2150E333-8FDC-42A3-9474-1A3956D46DE8}") = "Prequisites", "Prequisites", "{8E8168B7-4F51-41CD-BB8C-8AA4E1F4BF77}"
EndProject
Project("{8BC9CEB8-8B4A-11D0-8D11-00A0C91BC942}") = "Prereq-Basic", "Prereq-Basic\Prereq-Basic.vcxproj", "{59BE7252-3BDE-4BEE-BDDF-245AAB9ADD7E}"
EndProject
Project("{8BC9CEB8-8B4A-11D0-8D11-00A0C91BC942}") = "TakTakTree", "TakTakTree\TakTakTree.vcxproj", "{685D3360-BD98-421D-8000-1BF66B198835}"
EndProject
Project("{8BC9CEB8-8B4A-11D0-8D11-00A0C91BC942}") = "TripleHunting", "TripleHunting\TripleHunting.vcxproj", "{D4113B7A-FDDF-48D3-A1D8-B21250EBD081}"
EndProject
Project("{8BC9CEB8-8B4A-11D0-8D11-00A0C91BC942}") = "FriendList", "FriendList\FriendList.vcxproj", "{2D1F0D1E-E34D-4DDC-A0F0-3242DC353AA1}"
EndProject
Project("{2150E333-8FDC-42A3-9474-1A3956D46DE8}") = "CodeChef", "CodeChef", "{A7EF6E83-6C7C-4940-BDB7-4EF2479429B6}"
EndProject
Project("{8BC9CEB8-8B4A-11D0-8D11-00A0C91BC942}") = "KCON", "KCON\KCON.vcxproj", "{C9FFFB16-E890-4B25-9E29-96B381EC9B2B}"
EndProject
Project("{8BC9CEB8-8B4A-11D0-8D11-00A0C91BC942}") = "VOTERS", "VOTERS\VOTERS.vcxproj", "{307FE91A-1B2D-4681-8320-70B8D3E57DFC}"
EndProject
Project("{8BC9CEB8-8B4A-11D0-8D11-00A0C91BC942}") = "PERMPAL", "PERMPAL\PERMPAL.vcxproj", "{D016AB6C-6688-4BC7-8521-44A388E0ACEF}"
EndProject
Project("{2150E333-8FDC-42A3-9474-1A3956D46DE8}") = "Sorting + Searching", "Sorting + Searching", "{9687A11E-7E6B-4B18-99AC-C9DEAE931EF3}"
EndProject
Project("{8BC9CEB8-8B4A-11D0-8D11-00A0C91BC942}") = "AggressiveCows", "AggressiveCows\AggressiveCows.vcxproj", "{D4DBA7E0-F1C6-4FE8-8C94-B4011884F7CF}"
EndProject
Project("{8BC9CEB8-8B4A-11D0-8D11-00A0C91BC942}") = "CHEFRES", "CHEFRES\CHEFRES.vcxproj", "{468F026D-E5D8-4F67-B367-1EB6DF381300}"
EndProject
Project("{8BC9CEB8-8B4A-11D0-8D11-00A0C91BC942}") = "ZCO15002", "ZCO15002\ZCO15002.vcxproj", "{DCAD1447-94C3-4DCA-B31F-1CFA21B2DED3}"
EndProject
Project("{8BC9CEB8-8B4A-11D0-8D11-00A0C91BC942}") = "TajMahal", "TajMahal\TajMahal.vcxproj", "{F127F8EB-2114-4D07-A591-E708A6DB0402}"
EndProject
Project("{8BC9CEB8-8B4A-11D0-8D11-00A0C91BC942}") = "Subsequence", "Subsequence\Subsequence.vcxproj", "{CCB8CC47-62DB-42A9-84A2-319B3D2001E8}"
EndProject
Project("{2150E333-8FDC-42A3-9474-1A3956D46DE8}") = "Backtracking", "Backtracking", "{BEC728B5-5D12-444F-B216-11C5188EAA6F}"
EndProject
Project("{8BC9CEB8-8B4A-11D0-8D11-00A0C91BC942}") = "N-Queen", "N-Queen\N-Queen.vcxproj", "{6230D8A5-11E2-4ADD-9EBD-458C75925C93}"
EndProject
Project("{8BC9CEB8-8B4A-11D0-8D11-00A0C91BC942}") = "AX06", "AX06\AX06.vcxproj", "{E2507985-7A5A-4097-A86A-ADFD267D9C72}"
EndProject
Project("{8BC9CEB8-8B4A-11D0-8D11-00A0C91BC942}") = "CrossWord", "CrossWord\CrossWord.vcxproj", "{32548BB1-E8A6-4705-8813-E079D20A95F9}"
EndProject
Project("{2150E333-8FDC-42A3-9474-1A3956D46DE8}") = "CodeForces", "CodeForces", "{6DA17C04-80B7-4D0C-AC2D-461623AEB1A8}"
EndProject
Project("{8BC9CEB8-8B4A-11D0-8D11-00A0C91BC942}") = "Equalize", "Equalize\Equalize.vcxproj", "{5C25D474-BA79-4527-BF74-08AE9602B20C}"
EndProject
Project("{2150E333-8FDC-42A3-9474-1A3956D46DE8}") = "Adhoc", "Adhoc", "{7C4801C1-3F1E-4171-A159-1386B59097F6}"
EndProject
Project("{8BC9CEB8-8B4A-11D0-8D11-00A0C91BC942}") = "Color Rectangular", "Color Rectangular\Color Rectangular.vcxproj", "{832F2C27-FBB6-42BC-8059-0C4D3CC7F22C}"
EndProject
Project("{8BC9CEB8-8B4A-11D0-8D11-00A0C91BC942}") = "LightBulbs", "LightBulbs\LightBulbs.vcxproj", "{27F3DFA1-06B2-4A99-9891-29BFE72E43CA}"
EndProject
Project("{8BC9CEB8-8B4A-11D0-8D11-00A0C91BC942}") = "WinningStrategy", "WinningStrategy\WinningStrategy.vcxproj", "{8C17CEDF-32F1-411E-83F0-0FC48001EC8A}"
EndProject
Project("{2150E333-8FDC-42A3-9474-1A3956D46DE8}") = "Dynamic Programming", "Dynamic Programming", "{52DCE503-42F6-40DC-AB72-EB8B1E142A7D}"
EndProject
Project("{8BC9CEB8-8B4A-11D0-8D11-00A0C91BC942}") = "Fibonacci", "Fibonacci\Fibonacci.vcxproj", "{DE4B0CF7-91AD-4B0C-BF45-56DBA46A0A12}"
EndProject
Project("{8BC9CEB8-8B4A-11D0-8D11-00A0C91BC942}") = "AlphCode", "AlphCode\AlphCode.vcxproj", "{3EB64F4E-8F72-4C20-BAAA-8302E0585D31}"
EndProject
Project("{8BC9CEB8-8B4A-11D0-8D11-00A0C91BC942}") = "LongestIncreasingSubsequence", "LongestIncreasingSubsequence\LongestIncreasingSubsequence.vcxproj", "{92F8A0C3-0CC7-4EE6-ABD3-A14A043F4F02}"
EndProject
Project("{8BC9CEB8-8B4A-11D0-8D11-00A0C91BC942}") = "LongestBitonicSubsequence", "LongestBitonicSubsequence\LongestBitonicSubsequence.vcxproj", "{23109565-00C8-4559-B94A-714EB0476A7A}"
EndProject
Project("{8BC9CEB8-8B4A-11D0-8D11-00A0C91BC942}") = "StairCase", "StairCase\StairCase.vcxproj", "{1FF35740-8408-4380-B8E5-BD7FAEE43B42}"
EndProject
Project("{8BC9CEB8-8B4A-11D0-8D11-00A0C91BC942}") = "CoinChange", "CoinChange\CoinChange.vcxproj", "{165A7C27-B526-4DF2-88D8-CCB835AF0727}"
EndProject
Project("{8BC9CEB8-8B4A-11D0-8D11-00A0C91BC942}") = "MinimumPathSum", "MinimumPathSum\MinimumPathSum.vcxproj", "{E8BA17B4-BB3C-4723-8F2A-90B5AC442C4B}"
EndProject
Project("{8BC9CEB8-8B4A-11D0-8D11-00A0C91BC942}") = "MagicGrid", "MagicGrid\MagicGrid.vcxproj", "{1AFE1034-08C9-45E2-910D-36FA0FC43FC5}"
EndProject
Project("{8BC9CEB8-8B4A-11D0-8D11-00A0C91BC942}") = "MaximumSumRectangle", "MaximumSumRectangle\MaximumSumRectangle.vcxproj", "{AD0B1F05-AE20-4305-BF12-ABAB80E3CEA0}"
EndProject
Project("{8BC9CEB8-8B4A-11D0-8D11-00A0C91BC942}") = "MaxSquareSubMatrixZero", "MaxSquareSubMatrixZero\MaxSquareSubMatrixZero.vcxproj", "{D469CBDF-0BDC-40F7-8566-E15C2E24FC73}"
EndProject
Project("{2150E333-8FDC-42A3-9474-1A3956D46DE8}") = "STL", "STL", "{01024FF9-B18B-4A7F-9676-95DB253F1A53}"
EndProject
Project("{8BC9CEB8-8B4A-11D0-8D11-00A0C91BC942}") = "STL-20", "STL-20\STL-20.vcxproj", "{44539899-487A-47F7-AFCD-ECFE82174BB8}"
EndProject
Project("{8BC9CEB8-8B4A-11D0-8D11-00A0C91BC942}") = "CountBST", "CountBST\CountBST.vcxproj", "{EB9DEE61-4545-4EC8-836A-EA2B2DB4D780}"
EndProject
Project("{8BC9CEB8-8B4A-11D0-8D11-00A0C91BC942}") = "Boredom", "Boredom\Boredom.vcxproj", "{92BC38A7-C579-4BE1-B12C-12C50CFDC781}"
EndProject
Project("{8BC9CEB8-8B4A-11D0-8D11-00A0C91BC942}") = "MinimumNumberOfChocolates", "MinimumNumberOfChocolates\MinimumNumberOfChocolates.vcxproj", "{2B9D7FF3-1FAF-4ABD-8FDB-F58DEA7C748F}"
EndProject
Project("{8BC9CEB8-8B4A-11D0-8D11-00A0C91BC942}") = "Minimum Count", "Minimum Count\Minimum Count.vcxproj", "{902B983E-E69F-4C9B-943A-07A4278EE223}"
EndProject
Project("{8BC9CEB8-8B4A-11D0-8D11-00A0C91BC942}") = "HasanTrip", "HasanTrip\HasanTrip.vcxproj", "{FD5DF6BD-38D9-4DE3-891E-7E2288D1B6C3}"
EndProject
Project("{8BC9CEB8-8B4A-11D0-8D11-00A0C91BC942}") = "RoyAndCoinBoxes", "RoyAndCoinBoxes\RoyAndCoinBoxes.vcxproj", "{D14BF0DC-A285-4405-B846-D3BEA26D8012}"
EndProject
Project("{8BC9CEB8-8B4A-11D0-8D11-00A0C91BC942}") = "AngryChildren", "AngryChildren\AngryChildren.vcxproj", "{C118990D-9374-4160-86A7-1840777BFC9C}"
EndProject
Project("{8BC9CEB8-8B4A-11D0-8D11-00A0C91BC942}") = "JonSnow", "JonSnow\JonSnow.vcxproj", "{6588826B-9646-44B8-A681-8292135767D6}"
EndProject
Project("{8BC9CEB8-8B4A-11D0-8D11-00A0C91BC942}") = "AlyonaSpreadsheet", "AlyonaSpreadsheet\AlyonaSpreadsheet.vcxproj", "{EF57E7D8-65FA-473C-A21E-EF79D3E4DEB9}"
EndProject
Project("{8BC9CEB8-8B4A-11D0-8D11-00A0C91BC942}") = "VanyaGCD", "VanyaGCD\VanyaGCD.vcxproj", "{16382800-C551-474E-A3E8-44FCF5D582BD}"
EndProject
Project("{8BC9CEB8-8B4A-11D0-8D11-00A0C91BC942}") = "AdjacentBitCount", "AdjacentBitCount\AdjacentBitCount.vcxproj", "{66597E3B-8958-4927-9C8E-E178FFAAFA1D}"
EndProject
Project("{8BC9CEB8-8B4A-11D0-8D11-00A0C91BC942}") = "LongestCommonSubsequence", "LongestCommonSubsequence\LongestCommonSubsequence.vcxproj", "{795A140E-7BCF-4B66-B594-732F769CA5C8}"
EndProject
Project("{8BC9CEB8-8B4A-11D0-8D11-00A0C91BC942}") = "EditDistance", "EditDistance\EditDistance.vcxproj", "{E251D755-9FE5-4BC8-8B58-FD4C70FFD6AE}"
EndProject
Global
	GlobalSection(SolutionConfigurationPlatforms) = preSolution
		Debug|x64 = Debug|x64
		Debug|x86 = Debug|x86
		Release|x64 = Release|x64
		Release|x86 = Release|x86
	EndGlobalSection
	GlobalSection(ProjectConfigurationPlatforms) = postSolution
		{59BE7252-3BDE-4BEE-BDDF-245AAB9ADD7E}.Debug|x64.ActiveCfg = Debug|x64
		{59BE7252-3BDE-4BEE-BDDF-245AAB9ADD7E}.Debug|x64.Build.0 = Debug|x64
		{59BE7252-3BDE-4BEE-BDDF-245AAB9ADD7E}.Debug|x86.ActiveCfg = Debug|Win32
		{59BE7252-3BDE-4BEE-BDDF-245AAB9ADD7E}.Debug|x86.Build.0 = Debug|Win32
		{59BE7252-3BDE-4BEE-BDDF-245AAB9ADD7E}.Release|x64.ActiveCfg = Release|x64
		{59BE7252-3BDE-4BEE-BDDF-245AAB9ADD7E}.Release|x64.Build.0 = Release|x64
		{59BE7252-3BDE-4BEE-BDDF-245AAB9ADD7E}.Release|x86.ActiveCfg = Release|Win32
		{59BE7252-3BDE-4BEE-BDDF-245AAB9ADD7E}.Release|x86.Build.0 = Release|Win32
		{685D3360-BD98-421D-8000-1BF66B198835}.Debug|x64.ActiveCfg = Debug|x64
		{685D3360-BD98-421D-8000-1BF66B198835}.Debug|x64.Build.0 = Debug|x64
		{685D3360-BD98-421D-8000-1BF66B198835}.Debug|x86.ActiveCfg = Debug|Win32
		{685D3360-BD98-421D-8000-1BF66B198835}.Debug|x86.Build.0 = Debug|Win32
		{685D3360-BD98-421D-8000-1BF66B198835}.Release|x64.ActiveCfg = Release|x64
		{685D3360-BD98-421D-8000-1BF66B198835}.Release|x64.Build.0 = Release|x64
		{685D3360-BD98-421D-8000-1BF66B198835}.Release|x86.ActiveCfg = Release|Win32
		{685D3360-BD98-421D-8000-1BF66B198835}.Release|x86.Build.0 = Release|Win32
		{D4113B7A-FDDF-48D3-A1D8-B21250EBD081}.Debug|x64.ActiveCfg = Debug|x64
		{D4113B7A-FDDF-48D3-A1D8-B21250EBD081}.Debug|x64.Build.0 = Debug|x64
		{D4113B7A-FDDF-48D3-A1D8-B21250EBD081}.Debug|x86.ActiveCfg = Debug|Win32
		{D4113B7A-FDDF-48D3-A1D8-B21250EBD081}.Debug|x86.Build.0 = Debug|Win32
		{D4113B7A-FDDF-48D3-A1D8-B21250EBD081}.Release|x64.ActiveCfg = Release|x64
		{D4113B7A-FDDF-48D3-A1D8-B21250EBD081}.Release|x64.Build.0 = Release|x64
		{D4113B7A-FDDF-48D3-A1D8-B21250EBD081}.Release|x86.ActiveCfg = Release|Win32
		{D4113B7A-FDDF-48D3-A1D8-B21250EBD081}.Release|x86.Build.0 = Release|Win32
		{2D1F0D1E-E34D-4DDC-A0F0-3242DC353AA1}.Debug|x64.ActiveCfg = Debug|x64
		{2D1F0D1E-E34D-4DDC-A0F0-3242DC353AA1}.Debug|x64.Build.0 = Debug|x64
		{2D1F0D1E-E34D-4DDC-A0F0-3242DC353AA1}.Debug|x86.ActiveCfg = Debug|Win32
		{2D1F0D1E-E34D-4DDC-A0F0-3242DC353AA1}.Debug|x86.Build.0 = Debug|Win32
		{2D1F0D1E-E34D-4DDC-A0F0-3242DC353AA1}.Release|x64.ActiveCfg = Release|x64
		{2D1F0D1E-E34D-4DDC-A0F0-3242DC353AA1}.Release|x64.Build.0 = Release|x64
		{2D1F0D1E-E34D-4DDC-A0F0-3242DC353AA1}.Release|x86.ActiveCfg = Release|Win32
		{2D1F0D1E-E34D-4DDC-A0F0-3242DC353AA1}.Release|x86.Build.0 = Release|Win32
		{C9FFFB16-E890-4B25-9E29-96B381EC9B2B}.Debug|x64.ActiveCfg = Debug|x64
		{C9FFFB16-E890-4B25-9E29-96B381EC9B2B}.Debug|x64.Build.0 = Debug|x64
		{C9FFFB16-E890-4B25-9E29-96B381EC9B2B}.Debug|x86.ActiveCfg = Debug|Win32
		{C9FFFB16-E890-4B25-9E29-96B381EC9B2B}.Debug|x86.Build.0 = Debug|Win32
		{C9FFFB16-E890-4B25-9E29-96B381EC9B2B}.Release|x64.ActiveCfg = Release|x64
		{C9FFFB16-E890-4B25-9E29-96B381EC9B2B}.Release|x64.Build.0 = Release|x64
		{C9FFFB16-E890-4B25-9E29-96B381EC9B2B}.Release|x86.ActiveCfg = Release|Win32
		{C9FFFB16-E890-4B25-9E29-96B381EC9B2B}.Release|x86.Build.0 = Release|Win32
		{307FE91A-1B2D-4681-8320-70B8D3E57DFC}.Debug|x64.ActiveCfg = Debug|x64
		{307FE91A-1B2D-4681-8320-70B8D3E57DFC}.Debug|x64.Build.0 = Debug|x64
		{307FE91A-1B2D-4681-8320-70B8D3E57DFC}.Debug|x86.ActiveCfg = Debug|Win32
		{307FE91A-1B2D-4681-8320-70B8D3E57DFC}.Debug|x86.Build.0 = Debug|Win32
		{307FE91A-1B2D-4681-8320-70B8D3E57DFC}.Release|x64.ActiveCfg = Release|x64
		{307FE91A-1B2D-4681-8320-70B8D3E57DFC}.Release|x64.Build.0 = Release|x64
		{307FE91A-1B2D-4681-8320-70B8D3E57DFC}.Release|x86.ActiveCfg = Release|Win32
		{307FE91A-1B2D-4681-8320-70B8D3E57DFC}.Release|x86.Build.0 = Release|Win32
		{D016AB6C-6688-4BC7-8521-44A388E0ACEF}.Debug|x64.ActiveCfg = Debug|x64
		{D016AB6C-6688-4BC7-8521-44A388E0ACEF}.Debug|x64.Build.0 = Debug|x64
		{D016AB6C-6688-4BC7-8521-44A388E0ACEF}.Debug|x86.ActiveCfg = Debug|Win32
		{D016AB6C-6688-4BC7-8521-44A388E0ACEF}.Debug|x86.Build.0 = Debug|Win32
		{D016AB6C-6688-4BC7-8521-44A388E0ACEF}.Release|x64.ActiveCfg = Release|x64
		{D016AB6C-6688-4BC7-8521-44A388E0ACEF}.Release|x64.Build.0 = Release|x64
		{D016AB6C-6688-4BC7-8521-44A388E0ACEF}.Release|x86.ActiveCfg = Release|Win32
		{D016AB6C-6688-4BC7-8521-44A388E0ACEF}.Release|x86.Build.0 = Release|Win32
		{D4DBA7E0-F1C6-4FE8-8C94-B4011884F7CF}.Debug|x64.ActiveCfg = Debug|x64
		{D4DBA7E0-F1C6-4FE8-8C94-B4011884F7CF}.Debug|x64.Build.0 = Debug|x64
		{D4DBA7E0-F1C6-4FE8-8C94-B4011884F7CF}.Debug|x86.ActiveCfg = Debug|Win32
		{D4DBA7E0-F1C6-4FE8-8C94-B4011884F7CF}.Debug|x86.Build.0 = Debug|Win32
		{D4DBA7E0-F1C6-4FE8-8C94-B4011884F7CF}.Release|x64.ActiveCfg = Release|x64
		{D4DBA7E0-F1C6-4FE8-8C94-B4011884F7CF}.Release|x64.Build.0 = Release|x64
		{D4DBA7E0-F1C6-4FE8-8C94-B4011884F7CF}.Release|x86.ActiveCfg = Release|Win32
		{D4DBA7E0-F1C6-4FE8-8C94-B4011884F7CF}.Release|x86.Build.0 = Release|Win32
		{468F026D-E5D8-4F67-B367-1EB6DF381300}.Debug|x64.ActiveCfg = Debug|x64
		{468F026D-E5D8-4F67-B367-1EB6DF381300}.Debug|x64.Build.0 = Debug|x64
		{468F026D-E5D8-4F67-B367-1EB6DF381300}.Debug|x86.ActiveCfg = Debug|Win32
		{468F026D-E5D8-4F67-B367-1EB6DF381300}.Debug|x86.Build.0 = Debug|Win32
		{468F026D-E5D8-4F67-B367-1EB6DF381300}.Release|x64.ActiveCfg = Release|x64
		{468F026D-E5D8-4F67-B367-1EB6DF381300}.Release|x64.Build.0 = Release|x64
		{468F026D-E5D8-4F67-B367-1EB6DF381300}.Release|x86.ActiveCfg = Release|Win32
		{468F026D-E5D8-4F67-B367-1EB6DF381300}.Release|x86.Build.0 = Release|Win32
		{DCAD1447-94C3-4DCA-B31F-1CFA21B2DED3}.Debug|x64.ActiveCfg = Debug|x64
		{DCAD1447-94C3-4DCA-B31F-1CFA21B2DED3}.Debug|x64.Build.0 = Debug|x64
		{DCAD1447-94C3-4DCA-B31F-1CFA21B2DED3}.Debug|x86.ActiveCfg = Debug|Win32
		{DCAD1447-94C3-4DCA-B31F-1CFA21B2DED3}.Debug|x86.Build.0 = Debug|Win32
		{DCAD1447-94C3-4DCA-B31F-1CFA21B2DED3}.Release|x64.ActiveCfg = Release|x64
		{DCAD1447-94C3-4DCA-B31F-1CFA21B2DED3}.Release|x64.Build.0 = Release|x64
		{DCAD1447-94C3-4DCA-B31F-1CFA21B2DED3}.Release|x86.ActiveCfg = Release|Win32
		{DCAD1447-94C3-4DCA-B31F-1CFA21B2DED3}.Release|x86.Build.0 = Release|Win32
		{F127F8EB-2114-4D07-A591-E708A6DB0402}.Debug|x64.ActiveCfg = Debug|x64
		{F127F8EB-2114-4D07-A591-E708A6DB0402}.Debug|x64.Build.0 = Debug|x64
		{F127F8EB-2114-4D07-A591-E708A6DB0402}.Debug|x86.ActiveCfg = Debug|Win32
		{F127F8EB-2114-4D07-A591-E708A6DB0402}.Debug|x86.Build.0 = Debug|Win32
		{F127F8EB-2114-4D07-A591-E708A6DB0402}.Release|x64.ActiveCfg = Release|x64
		{F127F8EB-2114-4D07-A591-E708A6DB0402}.Release|x64.Build.0 = Release|x64
		{F127F8EB-2114-4D07-A591-E708A6DB0402}.Release|x86.ActiveCfg = Release|Win32
		{F127F8EB-2114-4D07-A591-E708A6DB0402}.Release|x86.Build.0 = Release|Win32
		{CCB8CC47-62DB-42A9-84A2-319B3D2001E8}.Debug|x64.ActiveCfg = Debug|x64
		{CCB8CC47-62DB-42A9-84A2-319B3D2001E8}.Debug|x64.Build.0 = Debug|x64
		{CCB8CC47-62DB-42A9-84A2-319B3D2001E8}.Debug|x86.ActiveCfg = Debug|Win32
		{CCB8CC47-62DB-42A9-84A2-319B3D2001E8}.Debug|x86.Build.0 = Debug|Win32
		{CCB8CC47-62DB-42A9-84A2-319B3D2001E8}.Release|x64.ActiveCfg = Release|x64
		{CCB8CC47-62DB-42A9-84A2-319B3D2001E8}.Release|x64.Build.0 = Release|x64
		{CCB8CC47-62DB-42A9-84A2-319B3D2001E8}.Release|x86.ActiveCfg = Release|Win32
		{CCB8CC47-62DB-42A9-84A2-319B3D2001E8}.Release|x86.Build.0 = Release|Win32
		{6230D8A5-11E2-4ADD-9EBD-458C75925C93}.Debug|x64.ActiveCfg = Debug|x64
		{6230D8A5-11E2-4ADD-9EBD-458C75925C93}.Debug|x64.Build.0 = Debug|x64
		{6230D8A5-11E2-4ADD-9EBD-458C75925C93}.Debug|x86.ActiveCfg = Debug|Win32
		{6230D8A5-11E2-4ADD-9EBD-458C75925C93}.Debug|x86.Build.0 = Debug|Win32
		{6230D8A5-11E2-4ADD-9EBD-458C75925C93}.Release|x64.ActiveCfg = Release|x64
		{6230D8A5-11E2-4ADD-9EBD-458C75925C93}.Release|x64.Build.0 = Release|x64
		{6230D8A5-11E2-4ADD-9EBD-458C75925C93}.Release|x86.ActiveCfg = Release|Win32
		{6230D8A5-11E2-4ADD-9EBD-458C75925C93}.Release|x86.Build.0 = Release|Win32
		{E2507985-7A5A-4097-A86A-ADFD267D9C72}.Debug|x64.ActiveCfg = Debug|x64
		{E2507985-7A5A-4097-A86A-ADFD267D9C72}.Debug|x64.Build.0 = Debug|x64
		{E2507985-7A5A-4097-A86A-ADFD267D9C72}.Debug|x86.ActiveCfg = Debug|Win32
		{E2507985-7A5A-4097-A86A-ADFD267D9C72}.Debug|x86.Build.0 = Debug|Win32
		{E2507985-7A5A-4097-A86A-ADFD267D9C72}.Release|x64.ActiveCfg = Release|x64
		{E2507985-7A5A-4097-A86A-ADFD267D9C72}.Release|x64.Build.0 = Release|x64
		{E2507985-7A5A-4097-A86A-ADFD267D9C72}.Release|x86.ActiveCfg = Release|Win32
		{E2507985-7A5A-4097-A86A-ADFD267D9C72}.Release|x86.Build.0 = Release|Win32
		{32548BB1-E8A6-4705-8813-E079D20A95F9}.Debug|x64.ActiveCfg = Debug|x64
		{32548BB1-E8A6-4705-8813-E079D20A95F9}.Debug|x64.Build.0 = Debug|x64
		{32548BB1-E8A6-4705-8813-E079D20A95F9}.Debug|x86.ActiveCfg = Debug|Win32
		{32548BB1-E8A6-4705-8813-E079D20A95F9}.Debug|x86.Build.0 = Debug|Win32
		{32548BB1-E8A6-4705-8813-E079D20A95F9}.Release|x64.ActiveCfg = Release|x64
		{32548BB1-E8A6-4705-8813-E079D20A95F9}.Release|x64.Build.0 = Release|x64
		{32548BB1-E8A6-4705-8813-E079D20A95F9}.Release|x86.ActiveCfg = Release|Win32
		{32548BB1-E8A6-4705-8813-E079D20A95F9}.Release|x86.Build.0 = Release|Win32
		{5C25D474-BA79-4527-BF74-08AE9602B20C}.Debug|x64.ActiveCfg = Debug|x64
		{5C25D474-BA79-4527-BF74-08AE9602B20C}.Debug|x64.Build.0 = Debug|x64
		{5C25D474-BA79-4527-BF74-08AE9602B20C}.Debug|x86.ActiveCfg = Debug|Win32
		{5C25D474-BA79-4527-BF74-08AE9602B20C}.Debug|x86.Build.0 = Debug|Win32
		{5C25D474-BA79-4527-BF74-08AE9602B20C}.Release|x64.ActiveCfg = Release|x64
		{5C25D474-BA79-4527-BF74-08AE9602B20C}.Release|x64.Build.0 = Release|x64
		{5C25D474-BA79-4527-BF74-08AE9602B20C}.Release|x86.ActiveCfg = Release|Win32
		{5C25D474-BA79-4527-BF74-08AE9602B20C}.Release|x86.Build.0 = Release|Win32
		{832F2C27-FBB6-42BC-8059-0C4D3CC7F22C}.Debug|x64.ActiveCfg = Debug|x64
		{832F2C27-FBB6-42BC-8059-0C4D3CC7F22C}.Debug|x64.Build.0 = Debug|x64
		{832F2C27-FBB6-42BC-8059-0C4D3CC7F22C}.Debug|x86.ActiveCfg = Debug|Win32
		{832F2C27-FBB6-42BC-8059-0C4D3CC7F22C}.Debug|x86.Build.0 = Debug|Win32
		{832F2C27-FBB6-42BC-8059-0C4D3CC7F22C}.Release|x64.ActiveCfg = Release|x64
		{832F2C27-FBB6-42BC-8059-0C4D3CC7F22C}.Release|x64.Build.0 = Release|x64
		{832F2C27-FBB6-42BC-8059-0C4D3CC7F22C}.Release|x86.ActiveCfg = Release|Win32
		{832F2C27-FBB6-42BC-8059-0C4D3CC7F22C}.Release|x86.Build.0 = Release|Win32
		{27F3DFA1-06B2-4A99-9891-29BFE72E43CA}.Debug|x64.ActiveCfg = Debug|x64
		{27F3DFA1-06B2-4A99-9891-29BFE72E43CA}.Debug|x64.Build.0 = Debug|x64
		{27F3DFA1-06B2-4A99-9891-29BFE72E43CA}.Debug|x86.ActiveCfg = Debug|Win32
		{27F3DFA1-06B2-4A99-9891-29BFE72E43CA}.Debug|x86.Build.0 = Debug|Win32
		{27F3DFA1-06B2-4A99-9891-29BFE72E43CA}.Release|x64.ActiveCfg = Release|x64
		{27F3DFA1-06B2-4A99-9891-29BFE72E43CA}.Release|x64.Build.0 = Release|x64
		{27F3DFA1-06B2-4A99-9891-29BFE72E43CA}.Release|x86.ActiveCfg = Release|Win32
		{27F3DFA1-06B2-4A99-9891-29BFE72E43CA}.Release|x86.Build.0 = Release|Win32
		{8C17CEDF-32F1-411E-83F0-0FC48001EC8A}.Debug|x64.ActiveCfg = Debug|x64
		{8C17CEDF-32F1-411E-83F0-0FC48001EC8A}.Debug|x64.Build.0 = Debug|x64
		{8C17CEDF-32F1-411E-83F0-0FC48001EC8A}.Debug|x86.ActiveCfg = Debug|Win32
		{8C17CEDF-32F1-411E-83F0-0FC48001EC8A}.Debug|x86.Build.0 = Debug|Win32
		{8C17CEDF-32F1-411E-83F0-0FC48001EC8A}.Release|x64.ActiveCfg = Release|x64
		{8C17CEDF-32F1-411E-83F0-0FC48001EC8A}.Release|x64.Build.0 = Release|x64
		{8C17CEDF-32F1-411E-83F0-0FC48001EC8A}.Release|x86.ActiveCfg = Release|Win32
		{8C17CEDF-32F1-411E-83F0-0FC48001EC8A}.Release|x86.Build.0 = Release|Win32
		{DE4B0CF7-91AD-4B0C-BF45-56DBA46A0A12}.Debug|x64.ActiveCfg = Debug|x64
		{DE4B0CF7-91AD-4B0C-BF45-56DBA46A0A12}.Debug|x64.Build.0 = Debug|x64
		{DE4B0CF7-91AD-4B0C-BF45-56DBA46A0A12}.Debug|x86.ActiveCfg = Debug|Win32
		{DE4B0CF7-91AD-4B0C-BF45-56DBA46A0A12}.Debug|x86.Build.0 = Debug|Win32
		{DE4B0CF7-91AD-4B0C-BF45-56DBA46A0A12}.Release|x64.ActiveCfg = Release|x64
		{DE4B0CF7-91AD-4B0C-BF45-56DBA46A0A12}.Release|x64.Build.0 = Release|x64
		{DE4B0CF7-91AD-4B0C-BF45-56DBA46A0A12}.Release|x86.ActiveCfg = Release|Win32
		{DE4B0CF7-91AD-4B0C-BF45-56DBA46A0A12}.Release|x86.Build.0 = Release|Win32
		{3EB64F4E-8F72-4C20-BAAA-8302E0585D31}.Debug|x64.ActiveCfg = Debug|x64
		{3EB64F4E-8F72-4C20-BAAA-8302E0585D31}.Debug|x64.Build.0 = Debug|x64
		{3EB64F4E-8F72-4C20-BAAA-8302E0585D31}.Debug|x86.ActiveCfg = Debug|Win32
		{3EB64F4E-8F72-4C20-BAAA-8302E0585D31}.Debug|x86.Build.0 = Debug|Win32
		{3EB64F4E-8F72-4C20-BAAA-8302E0585D31}.Release|x64.ActiveCfg = Release|x64
		{3EB64F4E-8F72-4C20-BAAA-8302E0585D31}.Release|x64.Build.0 = Release|x64
		{3EB64F4E-8F72-4C20-BAAA-8302E0585D31}.Release|x86.ActiveCfg = Release|Win32
		{3EB64F4E-8F72-4C20-BAAA-8302E0585D31}.Release|x86.Build.0 = Release|Win32
		{92F8A0C3-0CC7-4EE6-ABD3-A14A043F4F02}.Debug|x64.ActiveCfg = Debug|x64
		{92F8A0C3-0CC7-4EE6-ABD3-A14A043F4F02}.Debug|x64.Build.0 = Debug|x64
		{92F8A0C3-0CC7-4EE6-ABD3-A14A043F4F02}.Debug|x86.ActiveCfg = Debug|Win32
		{92F8A0C3-0CC7-4EE6-ABD3-A14A043F4F02}.Debug|x86.Build.0 = Debug|Win32
		{92F8A0C3-0CC7-4EE6-ABD3-A14A043F4F02}.Release|x64.ActiveCfg = Release|x64
		{92F8A0C3-0CC7-4EE6-ABD3-A14A043F4F02}.Release|x64.Build.0 = Release|x64
		{92F8A0C3-0CC7-4EE6-ABD3-A14A043F4F02}.Release|x86.ActiveCfg = Release|Win32
		{92F8A0C3-0CC7-4EE6-ABD3-A14A043F4F02}.Release|x86.Build.0 = Release|Win32
		{23109565-00C8-4559-B94A-714EB0476A7A}.Debug|x64.ActiveCfg = Debug|x64
		{23109565-00C8-4559-B94A-714EB0476A7A}.Debug|x64.Build.0 = Debug|x64
		{23109565-00C8-4559-B94A-714EB0476A7A}.Debug|x86.ActiveCfg = Debug|Win32
		{23109565-00C8-4559-B94A-714EB0476A7A}.Debug|x86.Build.0 = Debug|Win32
		{23109565-00C8-4559-B94A-714EB0476A7A}.Release|x64.ActiveCfg = Release|x64
		{23109565-00C8-4559-B94A-714EB0476A7A}.Release|x64.Build.0 = Release|x64
		{23109565-00C8-4559-B94A-714EB0476A7A}.Release|x86.ActiveCfg = Release|Win32
		{23109565-00C8-4559-B94A-714EB0476A7A}.Release|x86.Build.0 = Release|Win32
		{1FF35740-8408-4380-B8E5-BD7FAEE43B42}.Debug|x64.ActiveCfg = Debug|x64
		{1FF35740-8408-4380-B8E5-BD7FAEE43B42}.Debug|x64.Build.0 = Debug|x64
		{1FF35740-8408-4380-B8E5-BD7FAEE43B42}.Debug|x86.ActiveCfg = Debug|Win32
		{1FF35740-8408-4380-B8E5-BD7FAEE43B42}.Debug|x86.Build.0 = Debug|Win32
		{1FF35740-8408-4380-B8E5-BD7FAEE43B42}.Release|x64.ActiveCfg = Release|x64
		{1FF35740-8408-4380-B8E5-BD7FAEE43B42}.Release|x64.Build.0 = Release|x64
		{1FF35740-8408-4380-B8E5-BD7FAEE43B42}.Release|x86.ActiveCfg = Release|Win32
		{1FF35740-8408-4380-B8E5-BD7FAEE43B42}.Release|x86.Build.0 = Release|Win32
		{165A7C27-B526-4DF2-88D8-CCB835AF0727}.Debug|x64.ActiveCfg = Debug|x64
		{165A7C27-B526-4DF2-88D8-CCB835AF0727}.Debug|x64.Build.0 = Debug|x64
		{165A7C27-B526-4DF2-88D8-CCB835AF0727}.Debug|x86.ActiveCfg = Debug|Win32
		{165A7C27-B526-4DF2-88D8-CCB835AF0727}.Debug|x86.Build.0 = Debug|Win32
		{165A7C27-B526-4DF2-88D8-CCB835AF0727}.Release|x64.ActiveCfg = Release|x64
		{165A7C27-B526-4DF2-88D8-CCB835AF0727}.Release|x64.Build.0 = Release|x64
		{165A7C27-B526-4DF2-88D8-CCB835AF0727}.Release|x86.ActiveCfg = Release|Win32
		{165A7C27-B526-4DF2-88D8-CCB835AF0727}.Release|x86.Build.0 = Release|Win32
		{E8BA17B4-BB3C-4723-8F2A-90B5AC442C4B}.Debug|x64.ActiveCfg = Debug|x64
		{E8BA17B4-BB3C-4723-8F2A-90B5AC442C4B}.Debug|x64.Build.0 = Debug|x64
		{E8BA17B4-BB3C-4723-8F2A-90B5AC442C4B}.Debug|x86.ActiveCfg = Debug|Win32
		{E8BA17B4-BB3C-4723-8F2A-90B5AC442C4B}.Debug|x86.Build.0 = Debug|Win32
		{E8BA17B4-BB3C-4723-8F2A-90B5AC442C4B}.Release|x64.ActiveCfg = Release|x64
		{E8BA17B4-BB3C-4723-8F2A-90B5AC442C4B}.Release|x64.Build.0 = Release|x64
		{E8BA17B4-BB3C-4723-8F2A-90B5AC442C4B}.Release|x86.ActiveCfg = Release|Win32
		{E8BA17B4-BB3C-4723-8F2A-90B5AC442C4B}.Release|x86.Build.0 = Release|Win32
		{1AFE1034-08C9-45E2-910D-36FA0FC43FC5}.Debug|x64.ActiveCfg = Debug|x64
		{1AFE1034-08C9-45E2-910D-36FA0FC43FC5}.Debug|x64.Build.0 = Debug|x64
		{1AFE1034-08C9-45E2-910D-36FA0FC43FC5}.Debug|x86.ActiveCfg = Debug|Win32
		{1AFE1034-08C9-45E2-910D-36FA0FC43FC5}.Debug|x86.Build.0 = Debug|Win32
		{1AFE1034-08C9-45E2-910D-36FA0FC43FC5}.Release|x64.ActiveCfg = Release|x64
		{1AFE1034-08C9-45E2-910D-36FA0FC43FC5}.Release|x64.Build.0 = Release|x64
		{1AFE1034-08C9-45E2-910D-36FA0FC43FC5}.Release|x86.ActiveCfg = Release|Win32
		{1AFE1034-08C9-45E2-910D-36FA0FC43FC5}.Release|x86.Build.0 = Release|Win32
		{AD0B1F05-AE20-4305-BF12-ABAB80E3CEA0}.Debug|x64.ActiveCfg = Debug|x64
		{AD0B1F05-AE20-4305-BF12-ABAB80E3CEA0}.Debug|x64.Build.0 = Debug|x64
		{AD0B1F05-AE20-4305-BF12-ABAB80E3CEA0}.Debug|x86.ActiveCfg = Debug|Win32
		{AD0B1F05-AE20-4305-BF12-ABAB80E3CEA0}.Debug|x86.Build.0 = Debug|Win32
		{AD0B1F05-AE20-4305-BF12-ABAB80E3CEA0}.Release|x64.ActiveCfg = Release|x64
		{AD0B1F05-AE20-4305-BF12-ABAB80E3CEA0}.Release|x64.Build.0 = Release|x64
		{AD0B1F05-AE20-4305-BF12-ABAB80E3CEA0}.Release|x86.ActiveCfg = Release|Win32
		{AD0B1F05-AE20-4305-BF12-ABAB80E3CEA0}.Release|x86.Build.0 = Release|Win32
		{D469CBDF-0BDC-40F7-8566-E15C2E24FC73}.Debug|x64.ActiveCfg = Debug|x64
		{D469CBDF-0BDC-40F7-8566-E15C2E24FC73}.Debug|x64.Build.0 = Debug|x64
		{D469CBDF-0BDC-40F7-8566-E15C2E24FC73}.Debug|x86.ActiveCfg = Debug|Win32
		{D469CBDF-0BDC-40F7-8566-E15C2E24FC73}.Debug|x86.Build.0 = Debug|Win32
		{D469CBDF-0BDC-40F7-8566-E15C2E24FC73}.Release|x64.ActiveCfg = Release|x64
		{D469CBDF-0BDC-40F7-8566-E15C2E24FC73}.Release|x64.Build.0 = Release|x64
		{D469CBDF-0BDC-40F7-8566-E15C2E24FC73}.Release|x86.ActiveCfg = Release|Win32
		{D469CBDF-0BDC-40F7-8566-E15C2E24FC73}.Release|x86.Build.0 = Release|Win32
		{44539899-487A-47F7-AFCD-ECFE82174BB8}.Debug|x64.ActiveCfg = Debug|x64
		{44539899-487A-47F7-AFCD-ECFE82174BB8}.Debug|x64.Build.0 = Debug|x64
		{44539899-487A-47F7-AFCD-ECFE82174BB8}.Debug|x86.ActiveCfg = Debug|Win32
		{44539899-487A-47F7-AFCD-ECFE82174BB8}.Debug|x86.Build.0 = Debug|Win32
		{44539899-487A-47F7-AFCD-ECFE82174BB8}.Release|x64.ActiveCfg = Release|x64
		{44539899-487A-47F7-AFCD-ECFE82174BB8}.Release|x64.Build.0 = Release|x64
		{44539899-487A-47F7-AFCD-ECFE82174BB8}.Release|x86.ActiveCfg = Release|Win32
		{44539899-487A-47F7-AFCD-ECFE82174BB8}.Release|x86.Build.0 = Release|Win32
		{EB9DEE61-4545-4EC8-836A-EA2B2DB4D780}.Debug|x64.ActiveCfg = Debug|x64
		{EB9DEE61-4545-4EC8-836A-EA2B2DB4D780}.Debug|x64.Build.0 = Debug|x64
		{EB9DEE61-4545-4EC8-836A-EA2B2DB4D780}.Debug|x86.ActiveCfg = Debug|Win32
		{EB9DEE61-4545-4EC8-836A-EA2B2DB4D780}.Debug|x86.Build.0 = Debug|Win32
		{EB9DEE61-4545-4EC8-836A-EA2B2DB4D780}.Release|x64.ActiveCfg = Release|x64
		{EB9DEE61-4545-4EC8-836A-EA2B2DB4D780}.Release|x64.Build.0 = Release|x64
		{EB9DEE61-4545-4EC8-836A-EA2B2DB4D780}.Release|x86.ActiveCfg = Release|Win32
		{EB9DEE61-4545-4EC8-836A-EA2B2DB4D780}.Release|x86.Build.0 = Release|Win32
		{92BC38A7-C579-4BE1-B12C-12C50CFDC781}.Debug|x64.ActiveCfg = Debug|x64
		{92BC38A7-C579-4BE1-B12C-12C50CFDC781}.Debug|x64.Build.0 = Debug|x64
		{92BC38A7-C579-4BE1-B12C-12C50CFDC781}.Debug|x86.ActiveCfg = Debug|Win32
		{92BC38A7-C579-4BE1-B12C-12C50CFDC781}.Debug|x86.Build.0 = Debug|Win32
		{92BC38A7-C579-4BE1-B12C-12C50CFDC781}.Release|x64.ActiveCfg = Release|x64
		{92BC38A7-C579-4BE1-B12C-12C50CFDC781}.Release|x64.Build.0 = Release|x64
		{92BC38A7-C579-4BE1-B12C-12C50CFDC781}.Release|x86.ActiveCfg = Release|Win32
		{92BC38A7-C579-4BE1-B12C-12C50CFDC781}.Release|x86.Build.0 = Release|Win32
		{2B9D7FF3-1FAF-4ABD-8FDB-F58DEA7C748F}.Debug|x64.ActiveCfg = Debug|x64
		{2B9D7FF3-1FAF-4ABD-8FDB-F58DEA7C748F}.Debug|x64.Build.0 = Debug|x64
		{2B9D7FF3-1FAF-4ABD-8FDB-F58DEA7C748F}.Debug|x86.ActiveCfg = Debug|Win32
		{2B9D7FF3-1FAF-4ABD-8FDB-F58DEA7C748F}.Debug|x86.Build.0 = Debug|Win32
		{2B9D7FF3-1FAF-4ABD-8FDB-F58DEA7C748F}.Release|x64.ActiveCfg = Release|x64
		{2B9D7FF3-1FAF-4ABD-8FDB-F58DEA7C748F}.Release|x64.Build.0 = Release|x64
		{2B9D7FF3-1FAF-4ABD-8FDB-F58DEA7C748F}.Release|x86.ActiveCfg = Release|Win32
		{2B9D7FF3-1FAF-4ABD-8FDB-F58DEA7C748F}.Release|x86.Build.0 = Release|Win32
		{902B983E-E69F-4C9B-943A-07A4278EE223}.Debug|x64.ActiveCfg = Debug|x64
		{902B983E-E69F-4C9B-943A-07A4278EE223}.Debug|x64.Build.0 = Debug|x64
		{902B983E-E69F-4C9B-943A-07A4278EE223}.Debug|x86.ActiveCfg = Debug|Win32
		{902B983E-E69F-4C9B-943A-07A4278EE223}.Debug|x86.Build.0 = Debug|Win32
		{902B983E-E69F-4C9B-943A-07A4278EE223}.Release|x64.ActiveCfg = Release|x64
		{902B983E-E69F-4C9B-943A-07A4278EE223}.Release|x64.Build.0 = Release|x64
		{902B983E-E69F-4C9B-943A-07A4278EE223}.Release|x86.ActiveCfg = Release|Win32
		{902B983E-E69F-4C9B-943A-07A4278EE223}.Release|x86.Build.0 = Release|Win32
		{FD5DF6BD-38D9-4DE3-891E-7E2288D1B6C3}.Debug|x64.ActiveCfg = Debug|x64
		{FD5DF6BD-38D9-4DE3-891E-7E2288D1B6C3}.Debug|x64.Build.0 = Debug|x64
		{FD5DF6BD-38D9-4DE3-891E-7E2288D1B6C3}.Debug|x86.ActiveCfg = Debug|Win32
		{FD5DF6BD-38D9-4DE3-891E-7E2288D1B6C3}.Debug|x86.Build.0 = Debug|Win32
		{FD5DF6BD-38D9-4DE3-891E-7E2288D1B6C3}.Release|x64.ActiveCfg = Release|x64
		{FD5DF6BD-38D9-4DE3-891E-7E2288D1B6C3}.Release|x64.Build.0 = Release|x64
		{FD5DF6BD-38D9-4DE3-891E-7E2288D1B6C3}.Release|x86.ActiveCfg = Release|Win32
		{FD5DF6BD-38D9-4DE3-891E-7E2288D1B6C3}.Release|x86.Build.0 = Release|Win32
		{D14BF0DC-A285-4405-B846-D3BEA26D8012}.Debug|x64.ActiveCfg = Debug|x64
		{D14BF0DC-A285-4405-B846-D3BEA26D8012}.Debug|x64.Build.0 = Debug|x64
		{D14BF0DC-A285-4405-B846-D3BEA26D8012}.Debug|x86.ActiveCfg = Debug|Win32
		{D14BF0DC-A285-4405-B846-D3BEA26D8012}.Debug|x86.Build.0 = Debug|Win32
		{D14BF0DC-A285-4405-B846-D3BEA26D8012}.Release|x64.ActiveCfg = Release|x64
		{D14BF0DC-A285-4405-B846-D3BEA26D8012}.Release|x64.Build.0 = Release|x64
		{D14BF0DC-A285-4405-B846-D3BEA26D8012}.Release|x86.ActiveCfg = Release|Win32
		{D14BF0DC-A285-4405-B846-D3BEA26D8012}.Release|x86.Build.0 = Release|Win32
		{C118990D-9374-4160-86A7-1840777BFC9C}.Debug|x64.ActiveCfg = Debug|x64
		{C118990D-9374-4160-86A7-1840777BFC9C}.Debug|x64.Build.0 = Debug|x64
		{C118990D-9374-4160-86A7-1840777BFC9C}.Debug|x86.ActiveCfg = Debug|Win32
		{C118990D-9374-4160-86A7-1840777BFC9C}.Debug|x86.Build.0 = Debug|Win32
		{C118990D-9374-4160-86A7-1840777BFC9C}.Release|x64.ActiveCfg = Release|x64
		{C118990D-9374-4160-86A7-1840777BFC9C}.Release|x64.Build.0 = Release|x64
		{C118990D-9374-4160-86A7-1840777BFC9C}.Release|x86.ActiveCfg = Release|Win32
		{C118990D-9374-4160-86A7-1840777BFC9C}.Release|x86.Build.0 = Release|Win32
		{6588826B-9646-44B8-A681-8292135767D6}.Debug|x64.ActiveCfg = Debug|x64
		{6588826B-9646-44B8-A681-8292135767D6}.Debug|x64.Build.0 = Debug|x64
		{6588826B-9646-44B8-A681-8292135767D6}.Debug|x86.ActiveCfg = Debug|Win32
		{6588826B-9646-44B8-A681-8292135767D6}.Debug|x86.Build.0 = Debug|Win32
		{6588826B-9646-44B8-A681-8292135767D6}.Release|x64.ActiveCfg = Release|x64
		{6588826B-9646-44B8-A681-8292135767D6}.Release|x64.Build.0 = Release|x64
		{6588826B-9646-44B8-A681-8292135767D6}.Release|x86.ActiveCfg = Release|Win32
		{6588826B-9646-44B8-A681-8292135767D6}.Release|x86.Build.0 = Release|Win32
		{EF57E7D8-65FA-473C-A21E-EF79D3E4DEB9}.Debug|x64.ActiveCfg = Debug|x64
		{EF57E7D8-65FA-473C-A21E-EF79D3E4DEB9}.Debug|x64.Build.0 = Debug|x64
		{EF57E7D8-65FA-473C-A21E-EF79D3E4DEB9}.Debug|x86.ActiveCfg = Debug|Win32
		{EF57E7D8-65FA-473C-A21E-EF79D3E4DEB9}.Debug|x86.Build.0 = Debug|Win32
		{EF57E7D8-65FA-473C-A21E-EF79D3E4DEB9}.Release|x64.ActiveCfg = Release|x64
		{EF57E7D8-65FA-473C-A21E-EF79D3E4DEB9}.Release|x64.Build.0 = Release|x64
		{EF57E7D8-65FA-473C-A21E-EF79D3E4DEB9}.Release|x86.ActiveCfg = Release|Win32
		{EF57E7D8-65FA-473C-A21E-EF79D3E4DEB9}.Release|x86.Build.0 = Release|Win32
		{16382800-C551-474E-A3E8-44FCF5D582BD}.Debug|x64.ActiveCfg = Debug|x64
		{16382800-C551-474E-A3E8-44FCF5D582BD}.Debug|x64.Build.0 = Debug|x64
		{16382800-C551-474E-A3E8-44FCF5D582BD}.Debug|x86.ActiveCfg = Debug|Win32
		{16382800-C551-474E-A3E8-44FCF5D582BD}.Debug|x86.Build.0 = Debug|Win32
		{16382800-C551-474E-A3E8-44FCF5D582BD}.Release|x64.ActiveCfg = Release|x64
		{16382800-C551-474E-A3E8-44FCF5D582BD}.Release|x64.Build.0 = Release|x64
		{16382800-C551-474E-A3E8-44FCF5D582BD}.Release|x86.ActiveCfg = Release|Win32
		{16382800-C551-474E-A3E8-44FCF5D582BD}.Release|x86.Build.0 = Release|Win32
		{66597E3B-8958-4927-9C8E-E178FFAAFA1D}.Debug|x64.ActiveCfg = Debug|x64
		{66597E3B-8958-4927-9C8E-E178FFAAFA1D}.Debug|x64.Build.0 = Debug|x64
		{66597E3B-8958-4927-9C8E-E178FFAAFA1D}.Debug|x86.ActiveCfg = Debug|Win32
		{66597E3B-8958-4927-9C8E-E178FFAAFA1D}.Debug|x86.Build.0 = Debug|Win32
		{66597E3B-8958-4927-9C8E-E178FFAAFA1D}.Release|x64.ActiveCfg = Release|x64
		{66597E3B-8958-4927-9C8E-E178FFAAFA1D}.Release|x64.Build.0 = Release|x64
		{66597E3B-8958-4927-9C8E-E178FFAAFA1D}.Release|x86.ActiveCfg = Release|Win32
		{66597E3B-8958-4927-9C8E-E178FFAAFA1D}.Release|x86.Build.0 = Release|Win32
		{795A140E-7BCF-4B66-B594-732F769CA5C8}.Debug|x64.ActiveCfg = Debug|x64
		{795A140E-7BCF-4B66-B594-732F769CA5C8}.Debug|x64.Build.0 = Debug|x64
		{795A140E-7BCF-4B66-B594-732F769CA5C8}.Debug|x86.ActiveCfg = Debug|Win32
		{795A140E-7BCF-4B66-B594-732F769CA5C8}.Debug|x86.Build.0 = Debug|Win32
		{795A140E-7BCF-4B66-B594-732F769CA5C8}.Release|x64.ActiveCfg = Release|x64
		{795A140E-7BCF-4B66-B594-732F769CA5C8}.Release|x64.Build.0 = Release|x64
		{795A140E-7BCF-4B66-B594-732F769CA5C8}.Release|x86.ActiveCfg = Release|Win32
		{795A140E-7BCF-4B66-B594-732F769CA5C8}.Release|x86.Build.0 = Release|Win32
		{E251D755-9FE5-4BC8-8B58-FD4C70FFD6AE}.Debug|x64.ActiveCfg = Debug|x64
		{E251D755-9FE5-4BC8-8B58-FD4C70FFD6AE}.Debug|x64.Build.0 = Debug|x64
		{E251D755-9FE5-4BC8-8B58-FD4C70FFD6AE}.Debug|x86.ActiveCfg = Debug|Win32
		{E251D755-9FE5-4BC8-8B58-FD4C70FFD6AE}.Debug|x86.Build.0 = Debug|Win32
		{E251D755-9FE5-4BC8-8B58-FD4C70FFD6AE}.Release|x64.ActiveCfg = Release|x64
		{E251D755-9FE5-4BC8-8B58-FD4C70FFD6AE}.Release|x64.Build.0 = Release|x64
		{E251D755-9FE5-4BC8-8B58-FD4C70FFD6AE}.Release|x86.ActiveCfg = Release|Win32
		{E251D755-9FE5-4BC8-8B58-FD4C70FFD6AE}.Release|x86.Build.0 = Release|Win32
	EndGlobalSection
	GlobalSection(SolutionProperties) = preSolution
		HideSolutionNode = FALSE
	EndGlobalSection
	GlobalSection(NestedProjects) = preSolution
		{59BE7252-3BDE-4BEE-BDDF-245AAB9ADD7E} = {8E8168B7-4F51-41CD-BB8C-8AA4E1F4BF77}
		{685D3360-BD98-421D-8000-1BF66B198835} = {8E8168B7-4F51-41CD-BB8C-8AA4E1F4BF77}
		{D4113B7A-FDDF-48D3-A1D8-B21250EBD081} = {8E8168B7-4F51-41CD-BB8C-8AA4E1F4BF77}
		{2D1F0D1E-E34D-4DDC-A0F0-3242DC353AA1} = {8E8168B7-4F51-41CD-BB8C-8AA4E1F4BF77}
		{C9FFFB16-E890-4B25-9E29-96B381EC9B2B} = {A7EF6E83-6C7C-4940-BDB7-4EF2479429B6}
		{307FE91A-1B2D-4681-8320-70B8D3E57DFC} = {A7EF6E83-6C7C-4940-BDB7-4EF2479429B6}
		{D016AB6C-6688-4BC7-8521-44A388E0ACEF} = {A7EF6E83-6C7C-4940-BDB7-4EF2479429B6}
		{D4DBA7E0-F1C6-4FE8-8C94-B4011884F7CF} = {9687A11E-7E6B-4B18-99AC-C9DEAE931EF3}
		{468F026D-E5D8-4F67-B367-1EB6DF381300} = {A7EF6E83-6C7C-4940-BDB7-4EF2479429B6}
		{DCAD1447-94C3-4DCA-B31F-1CFA21B2DED3} = {A7EF6E83-6C7C-4940-BDB7-4EF2479429B6}
		{F127F8EB-2114-4D07-A591-E708A6DB0402} = {9687A11E-7E6B-4B18-99AC-C9DEAE931EF3}
		{CCB8CC47-62DB-42A9-84A2-319B3D2001E8} = {9687A11E-7E6B-4B18-99AC-C9DEAE931EF3}
		{6230D8A5-11E2-4ADD-9EBD-458C75925C93} = {BEC728B5-5D12-444F-B216-11C5188EAA6F}
		{E2507985-7A5A-4097-A86A-ADFD267D9C72} = {A7EF6E83-6C7C-4940-BDB7-4EF2479429B6}
		{32548BB1-E8A6-4705-8813-E079D20A95F9} = {BEC728B5-5D12-444F-B216-11C5188EAA6F}
		{5C25D474-BA79-4527-BF74-08AE9602B20C} = {6DA17C04-80B7-4D0C-AC2D-461623AEB1A8}
		{832F2C27-FBB6-42BC-8059-0C4D3CC7F22C} = {7C4801C1-3F1E-4171-A159-1386B59097F6}
		{27F3DFA1-06B2-4A99-9891-29BFE72E43CA} = {7C4801C1-3F1E-4171-A159-1386B59097F6}
		{8C17CEDF-32F1-411E-83F0-0FC48001EC8A} = {7C4801C1-3F1E-4171-A159-1386B59097F6}
		{DE4B0CF7-91AD-4B0C-BF45-56DBA46A0A12} = {52DCE503-42F6-40DC-AB72-EB8B1E142A7D}
		{3EB64F4E-8F72-4C20-BAAA-8302E0585D31} = {52DCE503-42F6-40DC-AB72-EB8B1E142A7D}
		{92F8A0C3-0CC7-4EE6-ABD3-A14A043F4F02} = {52DCE503-42F6-40DC-AB72-EB8B1E142A7D}
		{23109565-00C8-4559-B94A-714EB0476A7A} = {52DCE503-42F6-40DC-AB72-EB8B1E142A7D}
		{1FF35740-8408-4380-B8E5-BD7FAEE43B42} = {52DCE503-42F6-40DC-AB72-EB8B1E142A7D}
		{165A7C27-B526-4DF2-88D8-CCB835AF0727} = {52DCE503-42F6-40DC-AB72-EB8B1E142A7D}
		{E8BA17B4-BB3C-4723-8F2A-90B5AC442C4B} = {52DCE503-42F6-40DC-AB72-EB8B1E142A7D}
		{1AFE1034-08C9-45E2-910D-36FA0FC43FC5} = {52DCE503-42F6-40DC-AB72-EB8B1E142A7D}
		{AD0B1F05-AE20-4305-BF12-ABAB80E3CEA0} = {52DCE503-42F6-40DC-AB72-EB8B1E142A7D}
		{D469CBDF-0BDC-40F7-8566-E15C2E24FC73} = {52DCE503-42F6-40DC-AB72-EB8B1E142A7D}
		{44539899-487A-47F7-AFCD-ECFE82174BB8} = {01024FF9-B18B-4A7F-9676-95DB253F1A53}
		{EB9DEE61-4545-4EC8-836A-EA2B2DB4D780} = {52DCE503-42F6-40DC-AB72-EB8B1E142A7D}
		{92BC38A7-C579-4BE1-B12C-12C50CFDC781} = {52DCE503-42F6-40DC-AB72-EB8B1E142A7D}
		{2B9D7FF3-1FAF-4ABD-8FDB-F58DEA7C748F} = {52DCE503-42F6-40DC-AB72-EB8B1E142A7D}
		{902B983E-E69F-4C9B-943A-07A4278EE223} = {52DCE503-42F6-40DC-AB72-EB8B1E142A7D}
		{FD5DF6BD-38D9-4DE3-891E-7E2288D1B6C3} = {52DCE503-42F6-40DC-AB72-EB8B1E142A7D}
		{D14BF0DC-A285-4405-B846-D3BEA26D8012} = {52DCE503-42F6-40DC-AB72-EB8B1E142A7D}
		{C118990D-9374-4160-86A7-1840777BFC9C} = {52DCE503-42F6-40DC-AB72-EB8B1E142A7D}
		{6588826B-9646-44B8-A681-8292135767D6} = {52DCE503-42F6-40DC-AB72-EB8B1E142A7D}
		{EF57E7D8-65FA-473C-A21E-EF79D3E4DEB9} = {52DCE503-42F6-40DC-AB72-EB8B1E142A7D}
		{16382800-C551-474E-A3E8-44FCF5D582BD} = {52DCE503-42F6-40DC-AB72-EB8B1E142A7D}
		{66597E3B-8958-4927-9C8E-E178FFAAFA1D} = {52DCE503-42F6-40DC-AB72-EB8B1E142A7D}
		{795A140E-7BCF-4B66-B594-732F769CA5C8} = {52DCE503-42F6-40DC-AB72-EB8B1E142A7D}
		{E251D755-9FE5-4BC8-8B58-FD4C70FFD6AE} = {52DCE503-42F6-40DC-AB72-EB8B1E142A7D}
	EndGlobalSection
	GlobalSection(ExtensibilityGlobals) = postSolution
		SolutionGuid = {707A71F5-B218-4353-86DD-F4EBB3DAA877}
	EndGlobalSection
EndGlobal
